<?xml version="1.0" encoding="utf-8"?>
<Project ToolsVersion="4.0" xmlns="http://schemas.microsoft.com/developer/msbuild/2003">
  <ItemGroup>
    <Filter Include="Quelldateien">
      <UniqueIdentifier>{4FC737F1-C7A5-4376-A066-2A32D752A2FF}</UniqueIdentifier>
      <Extensions>cpp;c;cc;cxx;def;odl;idl;hpj;bat;asm;asmx</Extensions>
    </Filter>
    <Filter Include="Headerdateien">
      <UniqueIdentifier>{93995380-89BD-4b04-88EB-625FBE52EBFB}</UniqueIdentifier>
      <Extensions>h;hh;hpp;hxx;hm;inl;inc;ipp;xsd</Extensions>
    </Filter>
    <Filter Include="Ressourcendateien">
      <UniqueIdentifier>{67DA6AB6-F800-4c08-8B7A-83BB121AAD01}</UniqueIdentifier>
      <Extensions>rc;ico;cur;bmp;dlg;rc2;rct;bin;rgs;gif;jpg;jpeg;jpe;resx;tiff;tif;png;wav;mfcribbon-ms</Extensions>
    </Filter>
  </ItemGroup>
  <ItemGroup>
    <ClCompile Include="src\common\frameBuffer.cpp">
      <Filter>Quelldateien</Filter>
    </ClCompile>
    <ClCompile Include="src\common\glTraits.cpp">
      <Filter>Quelldateien</Filter>
    </ClCompile>
    <ClCompile Include="src\common\model.cpp">
      <Filter>Quelldateien</Filter>
    </ClCompile>
    <ClCompile Include="src\common\orbitCamera.cpp">
      <Filter>Quelldateien</Filter>
    </ClCompile>
    <ClCompile Include="src\common\shader.cpp">
      <Filter>Quelldateien</Filter>
    </ClCompile>
    <ClCompile Include="src\common\texture.cpp">
      <Filter>Quelldateien</Filter>
    </ClCompile>
    <ClCompile Include="src\common\vertexArray.cpp">
      <Filter>Quelldateien</Filter>
    </ClCompile>
    <ClCompile Include="src\common\vertexBuffer.cpp">
      <Filter>Quelldateien</Filter>
    </ClCompile>
    <ClCompile Include="lib\imgui-master\imgui_demo.cpp">
      <Filter>Quelldateien</Filter>
    </ClCompile>
    <ClCompile Include="lib\imgui-master\imgui.cpp">
      <Filter>Quelldateien</Filter>
    </ClCompile>
    <ClCompile Include="lib\imgui-master\imgui_draw.cpp">
      <Filter>Quelldateien</Filter>
    </ClCompile>
    <ClCompile Include="lib\imgui-master\imgui_impl_glfw.cpp">
      <Filter>Quelldateien</Filter>
    </ClCompile>
    <ClCompile Include="lib\imgui-master\imgui_impl_opengl3.cpp">
      <Filter>Quelldateien</Filter>
    </ClCompile>
    <ClCompile Include="lib\imgui-master\imgui_widgets.cpp">
      <Filter>Quelldateien</Filter>
    </ClCompile>
    <ClCompile Include="lib\glad\glad.c">
      <Filter>Quelldateien</Filter>
    </ClCompile>
    <ClCompile Include="src\common\loaders\gltfLoader\gltfLoader.cpp">
      <Filter>Quelldateien</Filter>
    </ClCompile>
    <ClCompile Include="src\common\material.cpp">
      <Filter>Quelldateien</Filter>
    </ClCompile>
    <ClCompile Include="src\common\renderBuffer.cpp">
      <Filter>Quelldateien</Filter>
    </ClCompile>
    <ClCompile Include="src\renderer.cpp">
      <Filter>Quelldateien</Filter>
    </ClCompile>
    <ClCompile Include="src\main.cpp">
      <Filter>Quelldateien</Filter>
    </ClCompile>
    <ClCompile Include="src\common\managers\materialManager.cpp">
      <Filter>Quelldateien</Filter>
    </ClCompile>
    <ClCompile Include="src\common\managers\shaderManager.cpp">
      <Filter>Quelldateien</Filter>
    </ClCompile>
    <ClCompile Include="src\common\managers\textureManager.cpp">
      <Filter>Quelldateien</Filter>
    </ClCompile>
    <ClCompile Include="src\renderpasses\renderPass.cpp">
      <Filter>Quelldateien</Filter>
    </ClCompile>
    <ClCompile Include="src\renderpasses\gPass.cpp">
      <Filter>Quelldateien</Filter>
    </ClCompile>
    <ClCompile Include="src\renderpasses\directionalLightPass.cpp">
      <Filter>Quelldateien</Filter>
    </ClCompile>
    <ClCompile Include="src\renderpasses\ssaoPass.cpp">
      <Filter>Quelldateien</Filter>
    </ClCompile>
    <ClCompile Include="src\renderpasses\ssaoBlurPass.cpp">
      <Filter>Quelldateien</Filter>
    </ClCompile>
    <ClCompile Include="src\renderpasses\depthMapPass.cpp">
      <Filter>Quelldateien</Filter>
    </ClCompile>
    <ClCompile Include="src\common\glTimerQuery.cpp">
      <Filter>Quelldateien</Filter>
    </ClCompile>
    <ClCompile Include="src\renderpasses\gZPrePass.cpp">
      <Filter>Quelldateien</Filter>
    </ClCompile>
    <ClCompile Include="src\renderpasses\gAlphaCutoutPass.cpp">
      <Filter>Quelldateien</Filter>
    </ClCompile>
  </ItemGroup>
  <ItemGroup>
    <None Include="res\shaders\gShader.fs" />
    <None Include="res\shaders\gShader.vs" />
    <None Include="res\shaders\final.fs" />
    <None Include="res\shaders\screenQuad.vs" />
    <None Include="res\shaders\directionalLight.fs" />
  </ItemGroup>
  <ItemGroup>
    <ClInclude Include="src\common\frameBuffer.h">
      <Filter>Headerdateien</Filter>
    </ClInclude>
    <ClInclude Include="src\common\glTraits.h">
      <Filter>Headerdateien</Filter>
    </ClInclude>
    <ClInclude Include="src\common\model.h">
      <Filter>Headerdateien</Filter>
    </ClInclude>
    <ClInclude Include="src\common\openGLObjectBase.h">
      <Filter>Headerdateien</Filter>
    </ClInclude>
    <ClInclude Include="src\common\orbitCamera.h">
      <Filter>Headerdateien</Filter>
    </ClInclude>
    <ClInclude Include="src\common\shader.h">
      <Filter>Headerdateien</Filter>
    </ClInclude>
    <ClInclude Include="src\common\texture.h">
      <Filter>Headerdateien</Filter>
    </ClInclude>
    <ClInclude Include="src\common\util.h">
      <Filter>Headerdateien</Filter>
    </ClInclude>
    <ClInclude Include="src\common\vertexArray.h">
      <Filter>Headerdateien</Filter>
    </ClInclude>
    <ClInclude Include="src\common\vertexBuffer.h">
      <Filter>Headerdateien</Filter>
    </ClInclude>
    <ClInclude Include="lib\imgui-master\imgui.h">
      <Filter>Headerdateien</Filter>
    </ClInclude>
    <ClInclude Include="lib\imgui-master\imgui_impl_glfw.h">
      <Filter>Headerdateien</Filter>
    </ClInclude>
    <ClInclude Include="lib\imgui-master\imgui_impl_opengl3.h">
      <Filter>Headerdateien</Filter>
    </ClInclude>
    <ClInclude Include="lib\imgui-master\imgui_internal.h">
      <Filter>Headerdateien</Filter>
    </ClInclude>
    <ClInclude Include="src\common\loaders\gltfLoader\gltfLoader.h">
      <Filter>Headerdateien</Filter>
    </ClInclude>
    <ClInclude Include="src\common\material.h">
      <Filter>Headerdateien</Filter>
    </ClInclude>
    <ClInclude Include="src\common\renderBuffer.h">
      <Filter>Headerdateien</Filter>
    </ClInclude>
    <ClInclude Include="src\renderer.h">
      <Filter>Headerdateien</Filter>
    </ClInclude>
    <ClInclude Include="src\common\managers\materialManager.h">
      <Filter>Headerdateien</Filter>
    </ClInclude>
    <ClInclude Include="src\common\managers\shaderManager.h">
      <Filter>Headerdateien</Filter>
    </ClInclude>
    <ClInclude Include="src\common\managers\textureManager.h">
      <Filter>Headerdateien</Filter>
    </ClInclude>
    <ClInclude Include="src\renderpasses\renderPass.h">
      <Filter>Headerdateien</Filter>
    </ClInclude>
    <ClInclude Include="src\renderpasses\gPass.h">
      <Filter>Headerdateien</Filter>
    </ClInclude>
    <ClInclude Include="src\renderpasses\directionalLightPass.h">
      <Filter>Headerdateien</Filter>
    </ClInclude>
    <ClInclude Include="src\scene.h">
      <Filter>Headerdateien</Filter>
    </ClInclude>
    <ClInclude Include="src\renderpasses\ssaoPass.h">
      <Filter>Headerdateien</Filter>
    </ClInclude>
    <ClInclude Include="src\renderpasses\ssaoBlurPass.h">
      <Filter>Headerdateien</Filter>
    </ClInclude>
    <ClInclude Include="src\renderpasses\depthMapPass.h">
      <Filter>Headerdateien</Filter>
    </ClInclude>
    <ClInclude Include="src\common\glTimerQuery.h">
      <Filter>Headerdateien</Filter>
    </ClInclude>
    <ClInclude Include="src\renderpasses\gZPrePass.h">
      <Filter>Headerdateien</Filter>
    </ClInclude>
    <ClInclude Include="src\renderpasses\gAlphaCutoutPass.h">
      <Filter>Headerdateien</Filter>
    </ClInclude>
  </ItemGroup>
</Project>